
Microsoft Visual Studio Solution File, Format Version 12.00
# Visual Studio Version 17
VisualStudioVersion = 17.7.34221.43
MinimumVisualStudioVersion = 10.0.40219.1
Project("{FAE04EC0-301F-11D3-BF4B-00C04F79EFBC}") = "WindowsFormsApp3", "WindowsFormsApp3\WindowsFormsApp3.csproj", "{F37DDFB7-8679-4FA9-BB52-5335436EC029}"
EndProject
Global
	GlobalSection(SolutionConfigurationPlatforms) = preSolution
		Debug|Any CPU = Debug|Any CPU
		Release|Any CPU = Release|Any CPU
	EndGlobalSection
	GlobalSection(ProjectConfigurationPlatforms) = postSolution
		{F37DDFB7-8679-4FA9-BB52-5335436EC029}.Debug|Any CPU.ActiveCfg = Debug|Any CPU
		{F37DDFB7-8679-4FA9-BB52-5335436EC029}.Debug|Any CPU.Build.0 = Debug|Any CPU
		{F37DDFB7-8679-4FA9-BB52-5335436EC029}.Release|Any CPU.ActiveCfg = Release|Any CPU
		{F37DDFB7-8679-4FA9-BB52-5335436EC029}.Release|Any CPU.Build.0 = Release|Any CPU
	EndGlobalSection
	GlobalSection(SolutionProperties) = preSolution
		HideSolutionNode = FALSE
	EndGlobalSection
	GlobalSection(ExtensibilityGlobals) = postSolution
		SolutionGuid = {6EEE48D2-21D8-47D8-A85B-A6CA9ED0F8D7}
	EndGlobalSection
EndGlobal
